
Microsoft Visual Studio Solution File, Format Version 12.00
# Visual Studio Version 17
VisualStudioVersion = 17.8.34511.84
MinimumVisualStudioVersion = 10.0.40219.1
Project("{FAE04EC0-301F-11D3-BF4B-00C04F79EFBC}") = "DSCC_CW1_MVC", "DSCC_CW1_MVC\DSCC_CW1_MVC.csproj", "{8733BC0C-CFC8-4106-AA81-F5E877482FF1}"
EndProject
Global
	GlobalSection(SolutionConfigurationPlatforms) = preSolution
		Debug|Any CPU = Debug|Any CPU
		Release|Any CPU = Release|Any CPU
	EndGlobalSection
	GlobalSection(ProjectConfigurationPlatforms) = postSolution
		{8733BC0C-CFC8-4106-AA81-F5E877482FF1}.Debug|Any CPU.ActiveCfg = Debug|Any CPU
		{8733BC0C-CFC8-4106-AA81-F5E877482FF1}.Debug|Any CPU.Build.0 = Debug|Any CPU
		{8733BC0C-CFC8-4106-AA81-F5E877482FF1}.Release|Any CPU.ActiveCfg = Release|Any CPU
		{8733BC0C-CFC8-4106-AA81-F5E877482FF1}.Release|Any CPU.Build.0 = Release|Any CPU
	EndGlobalSection
	GlobalSection(SolutionProperties) = preSolution
		HideSolutionNode = FALSE
	EndGlobalSection
	GlobalSection(ExtensibilityGlobals) = postSolution
		SolutionGuid = {97F35BBA-27F2-46B0-9A1D-95A1D5D51189}
	EndGlobalSection
EndGlobal
